
Microsoft Visual Studio Solution File, Format Version 12.00
# Visual Studio Version 17
VisualStudioVersion = 17.4.33213.308
MinimumVisualStudioVersion = 10.0.40219.1
Project("{FAE04EC0-301F-11D3-BF4B-00C04F79EFBC}") = "Ads.Client", "AdsClient\Ads.Client.csproj", "{FDF3424C-C451-4790-BBFE-187FBE06BD57}"
EndProject
Project("{FAE04EC0-301F-11D3-BF4B-00C04F79EFBC}") = "AdsClient.Test", "AdsClient.Test\AdsClient.Test.csproj", "{39A1FBFC-72EC-46A3-8889-1ECBDD52C35E}"
EndProject
Global
	GlobalSection(SolutionConfigurationPlatforms) = preSolution
		Debug|Any CPU = Debug|Any CPU
		Release|Any CPU = Release|Any CPU
	EndGlobalSection
	GlobalSection(ProjectConfigurationPlatforms) = postSolution
		{FDF3424C-C451-4790-BBFE-187FBE06BD57}.Debug|Any CPU.ActiveCfg = Debug|Any CPU
		{FDF3424C-C451-4790-BBFE-187FBE06BD57}.Debug|Any CPU.Build.0 = Debug|Any CPU
		{FDF3424C-C451-4790-BBFE-187FBE06BD57}.Release|Any CPU.ActiveCfg = Release|Any CPU
		{FDF3424C-C451-4790-BBFE-187FBE06BD57}.Release|Any CPU.Build.0 = Release|Any CPU
		{39A1FBFC-72EC-46A3-8889-1ECBDD52C35E}.Debug|Any CPU.ActiveCfg = Debug|Any CPU
		{39A1FBFC-72EC-46A3-8889-1ECBDD52C35E}.Debug|Any CPU.Build.0 = Debug|Any CPU
		{39A1FBFC-72EC-46A3-8889-1ECBDD52C35E}.Release|Any CPU.ActiveCfg = Release|Any CPU
		{39A1FBFC-72EC-46A3-8889-1ECBDD52C35E}.Release|Any CPU.Build.0 = Release|Any CPU
	EndGlobalSection
	GlobalSection(SolutionProperties) = preSolution
		HideSolutionNode = FALSE
	EndGlobalSection
	GlobalSection(ExtensibilityGlobals) = postSolution
		SolutionGuid = {5AF44B54-24C8-4F5C-BBA5-8AB3A618D298}
	EndGlobalSection
	GlobalSection(MonoDevelopProperties) = preSolution
		StartupItem = AdsClient\Ads.Client.csproj
		version = 0.6.0
	EndGlobalSection
EndGlobal
